
Microsoft Visual Studio Solution File, Format Version 12.00
# Visual Studio Version 16
VisualStudioVersion = 16.0.29418.71
MinimumVisualStudioVersion = 15.0.26124.0
Project("{FAE04EC0-301F-11D3-BF4B-00C04F79EFBC}") = "01-BasicEvent", "01-BasicEvent\01-BasicEvent.csproj", "{37408B91-ED61-4A47-BB12-93961B7DF040}"
EndProject
Global
	GlobalSection(SolutionConfigurationPlatforms) = preSolution
		Debug|Any CPU = Debug|Any CPU
		Debug|x64 = Debug|x64
		Debug|x86 = Debug|x86
		Release|Any CPU = Release|Any CPU
		Release|x64 = Release|x64
		Release|x86 = Release|x86
	EndGlobalSection
	GlobalSection(ProjectConfigurationPlatforms) = postSolution
		{37408B91-ED61-4A47-BB12-93961B7DF040}.Debug|Any CPU.ActiveCfg = Debug|Any CPU
		{37408B91-ED61-4A47-BB12-93961B7DF040}.Debug|Any CPU.Build.0 = Debug|Any CPU
		{37408B91-ED61-4A47-BB12-93961B7DF040}.Debug|x64.ActiveCfg = Debug|Any CPU
		{37408B91-ED61-4A47-BB12-93961B7DF040}.Debug|x64.Build.0 = Debug|Any CPU
		{37408B91-ED61-4A47-BB12-93961B7DF040}.Debug|x86.ActiveCfg = Debug|Any CPU
		{37408B91-ED61-4A47-BB12-93961B7DF040}.Debug|x86.Build.0 = Debug|Any CPU
		{37408B91-ED61-4A47-BB12-93961B7DF040}.Release|Any CPU.ActiveCfg = Release|Any CPU
		{37408B91-ED61-4A47-BB12-93961B7DF040}.Release|Any CPU.Build.0 = Release|Any CPU
		{37408B91-ED61-4A47-BB12-93961B7DF040}.Release|x64.ActiveCfg = Release|Any CPU
		{37408B91-ED61-4A47-BB12-93961B7DF040}.Release|x64.Build.0 = Release|Any CPU
		{37408B91-ED61-4A47-BB12-93961B7DF040}.Release|x86.ActiveCfg = Release|Any CPU
		{37408B91-ED61-4A47-BB12-93961B7DF040}.Release|x86.Build.0 = Release|Any CPU
	EndGlobalSection
	GlobalSection(SolutionProperties) = preSolution
		HideSolutionNode = FALSE
	EndGlobalSection
	GlobalSection(ExtensibilityGlobals) = postSolution
		SolutionGuid = {A6B680E3-39DD-4E1E-8694-ED55F1E562A4}
	EndGlobalSection
EndGlobal
