
Microsoft Visual Studio Solution File, Format Version 12.00
# Visual Studio Version 16
VisualStudioVersion = 16.0.29418.71
MinimumVisualStudioVersion = 15.0.26124.0
Project("{FAE04EC0-301F-11D3-BF4B-00C04F79EFBC}") = "AjaxDemo", "AjaxDemo\AjaxDemo.csproj", "{9F085914-C669-4BD8-BA3D-12779C6867A0}"
EndProject
Global
	GlobalSection(SolutionConfigurationPlatforms) = preSolution
		Debug|Any CPU = Debug|Any CPU
		Debug|x64 = Debug|x64
		Debug|x86 = Debug|x86
		Release|Any CPU = Release|Any CPU
		Release|x64 = Release|x64
		Release|x86 = Release|x86
	EndGlobalSection
	GlobalSection(ProjectConfigurationPlatforms) = postSolution
		{9F085914-C669-4BD8-BA3D-12779C6867A0}.Debug|Any CPU.ActiveCfg = Debug|Any CPU
		{9F085914-C669-4BD8-BA3D-12779C6867A0}.Debug|Any CPU.Build.0 = Debug|Any CPU
		{9F085914-C669-4BD8-BA3D-12779C6867A0}.Debug|x64.ActiveCfg = Debug|Any CPU
		{9F085914-C669-4BD8-BA3D-12779C6867A0}.Debug|x64.Build.0 = Debug|Any CPU
		{9F085914-C669-4BD8-BA3D-12779C6867A0}.Debug|x86.ActiveCfg = Debug|Any CPU
		{9F085914-C669-4BD8-BA3D-12779C6867A0}.Debug|x86.Build.0 = Debug|Any CPU
		{9F085914-C669-4BD8-BA3D-12779C6867A0}.Release|Any CPU.ActiveCfg = Release|Any CPU
		{9F085914-C669-4BD8-BA3D-12779C6867A0}.Release|Any CPU.Build.0 = Release|Any CPU
		{9F085914-C669-4BD8-BA3D-12779C6867A0}.Release|x64.ActiveCfg = Release|Any CPU
		{9F085914-C669-4BD8-BA3D-12779C6867A0}.Release|x64.Build.0 = Release|Any CPU
		{9F085914-C669-4BD8-BA3D-12779C6867A0}.Release|x86.ActiveCfg = Release|Any CPU
		{9F085914-C669-4BD8-BA3D-12779C6867A0}.Release|x86.Build.0 = Release|Any CPU
	EndGlobalSection
	GlobalSection(SolutionProperties) = preSolution
		HideSolutionNode = FALSE
	EndGlobalSection
	GlobalSection(ExtensibilityGlobals) = postSolution
		SolutionGuid = {7C4B1134-08D3-41A1-B791-C8312CCBECCD}
	EndGlobalSection
EndGlobal
